
Microsoft Visual Studio Solution File, Format Version 12.00
# Visual Studio Version 17
VisualStudioVersion = 17.0.31903.59
MinimumVisualStudioVersion = 10.0.40219.1
Project("{2150E333-8FDC-42A3-9474-1A3956D46DE8}") = "src", "src", "{6F9C3EF9-BB7F-4C33-963D-938288CDE157}"
EndProject
Project("{FAE04EC0-301F-11D3-BF4B-00C04F79EFBC}") = "DungeonCodingAgent.Game", "src\DungeonCodingAgent.Game\DungeonCodingAgent.Game.csproj", "{8216D116-DCA1-4A97-9448-85F778BB588D}"
EndProject
Project("{2150E333-8FDC-42A3-9474-1A3956D46DE8}") = "tests", "tests", "{EDCF72E1-3FA7-413D-9588-BD8E60372EB8}"
EndProject
Project("{FAE04EC0-301F-11D3-BF4B-00C04F79EFBC}") = "DungeonCodingAgent.Tests", "tests\DungeonCodingAgent.Tests\DungeonCodingAgent.Tests.csproj", "{FBA209EB-DCA7-4083-BE85-2826EF7D7BA8}"
EndProject
Global
	GlobalSection(SolutionConfigurationPlatforms) = preSolution
		Debug|Any CPU = Debug|Any CPU
		Release|Any CPU = Release|Any CPU
	EndGlobalSection
	GlobalSection(SolutionProperties) = preSolution
		HideSolutionNode = FALSE
	EndGlobalSection
	GlobalSection(ProjectConfigurationPlatforms) = postSolution
		{8216D116-DCA1-4A97-9448-85F778BB588D}.Debug|Any CPU.ActiveCfg = Debug|Any CPU
		{8216D116-DCA1-4A97-9448-85F778BB588D}.Debug|Any CPU.Build.0 = Debug|Any CPU
		{8216D116-DCA1-4A97-9448-85F778BB588D}.Release|Any CPU.ActiveCfg = Release|Any CPU
		{8216D116-DCA1-4A97-9448-85F778BB588D}.Release|Any CPU.Build.0 = Release|Any CPU
		{FBA209EB-DCA7-4083-BE85-2826EF7D7BA8}.Debug|Any CPU.ActiveCfg = Debug|Any CPU
		{FBA209EB-DCA7-4083-BE85-2826EF7D7BA8}.Debug|Any CPU.Build.0 = Debug|Any CPU
		{FBA209EB-DCA7-4083-BE85-2826EF7D7BA8}.Release|Any CPU.ActiveCfg = Release|Any CPU
		{FBA209EB-DCA7-4083-BE85-2826EF7D7BA8}.Release|Any CPU.Build.0 = Release|Any CPU
	EndGlobalSection
	GlobalSection(NestedProjects) = preSolution
		{8216D116-DCA1-4A97-9448-85F778BB588D} = {6F9C3EF9-BB7F-4C33-963D-938288CDE157}
		{FBA209EB-DCA7-4083-BE85-2826EF7D7BA8} = {EDCF72E1-3FA7-413D-9588-BD8E60372EB8}
	EndGlobalSection
EndGlobal
